
Microsoft Visual Studio Solution File, Format Version 12.00
# Visual Studio 15
VisualStudioVersion = 15.0.27428.1
MinimumVisualStudioVersion = 10.0.40219.1
Project("{9A19103F-16F7-4668-BE54-9A1E7A4F7556}") = "SampleBlog.Domain", "SampleBlog.Domain\SampleBlog.Domain.csproj", "{7A4ED8C4-2AA5-4FEB-8C67-B777FE29A212}"
EndProject
Project("{9A19103F-16F7-4668-BE54-9A1E7A4F7556}") = "SampleBlog.Service", "SampleBlog.Service\SampleBlog.Service.csproj", "{17C05944-AE9B-4894-B107-B39D78C10F39}"
EndProject
Project("{9A19103F-16F7-4668-BE54-9A1E7A4F7556}") = "SampleBlog.Data", "SampleBlog.Data\SampleBlog.Data.csproj", "{09AF9E1F-39AB-4C6B-9651-98709A141071}"
EndProject
Project("{FAE04EC0-301F-11D3-BF4B-00C04F79EFBC}") = "SampleBlog.Data.EntityFrameworkCore", "SampleBlog.Data.EF\SampleBlog.Data.EntityFrameworkCore.csproj", "{E0E8ABDA-C0E0-4691-A08D-7EE08971A0A0}"
EndProject
Project("{FAE04EC0-301F-11D3-BF4B-00C04F79EFBC}") = "SampleBlog.FormsApp", "SampleBlog.FormsApp\SampleBlog.FormsApp.csproj", "{612E0DFE-E305-4538-950B-BA715100274A}"
EndProject
Project("{9A19103F-16F7-4668-BE54-9A1E7A4F7556}") = "SampleBlog.Data.ADONET", "SampleBlog.Data.ADONET\SampleBlog.Data.ADONET.csproj", "{FDD036A5-4612-4B50-94D0-22B31F30B2D4}"
EndProject
Global
	GlobalSection(SolutionConfigurationPlatforms) = preSolution
		Debug|Any CPU = Debug|Any CPU
		Release|Any CPU = Release|Any CPU
	EndGlobalSection
	GlobalSection(ProjectConfigurationPlatforms) = postSolution
		{7A4ED8C4-2AA5-4FEB-8C67-B777FE29A212}.Debug|Any CPU.ActiveCfg = Debug|Any CPU
		{7A4ED8C4-2AA5-4FEB-8C67-B777FE29A212}.Debug|Any CPU.Build.0 = Debug|Any CPU
		{7A4ED8C4-2AA5-4FEB-8C67-B777FE29A212}.Release|Any CPU.ActiveCfg = Release|Any CPU
		{7A4ED8C4-2AA5-4FEB-8C67-B777FE29A212}.Release|Any CPU.Build.0 = Release|Any CPU
		{17C05944-AE9B-4894-B107-B39D78C10F39}.Debug|Any CPU.ActiveCfg = Debug|Any CPU
		{17C05944-AE9B-4894-B107-B39D78C10F39}.Debug|Any CPU.Build.0 = Debug|Any CPU
		{17C05944-AE9B-4894-B107-B39D78C10F39}.Release|Any CPU.ActiveCfg = Release|Any CPU
		{17C05944-AE9B-4894-B107-B39D78C10F39}.Release|Any CPU.Build.0 = Release|Any CPU
		{09AF9E1F-39AB-4C6B-9651-98709A141071}.Debug|Any CPU.ActiveCfg = Debug|Any CPU
		{09AF9E1F-39AB-4C6B-9651-98709A141071}.Debug|Any CPU.Build.0 = Debug|Any CPU
		{09AF9E1F-39AB-4C6B-9651-98709A141071}.Release|Any CPU.ActiveCfg = Release|Any CPU
		{09AF9E1F-39AB-4C6B-9651-98709A141071}.Release|Any CPU.Build.0 = Release|Any CPU
		{E0E8ABDA-C0E0-4691-A08D-7EE08971A0A0}.Debug|Any CPU.ActiveCfg = Debug|Any CPU
		{E0E8ABDA-C0E0-4691-A08D-7EE08971A0A0}.Debug|Any CPU.Build.0 = Debug|Any CPU
		{E0E8ABDA-C0E0-4691-A08D-7EE08971A0A0}.Release|Any CPU.ActiveCfg = Release|Any CPU
		{E0E8ABDA-C0E0-4691-A08D-7EE08971A0A0}.Release|Any CPU.Build.0 = Release|Any CPU
		{612E0DFE-E305-4538-950B-BA715100274A}.Debug|Any CPU.ActiveCfg = Debug|Any CPU
		{612E0DFE-E305-4538-950B-BA715100274A}.Debug|Any CPU.Build.0 = Debug|Any CPU
		{612E0DFE-E305-4538-950B-BA715100274A}.Release|Any CPU.ActiveCfg = Release|Any CPU
		{612E0DFE-E305-4538-950B-BA715100274A}.Release|Any CPU.Build.0 = Release|Any CPU
		{FDD036A5-4612-4B50-94D0-22B31F30B2D4}.Debug|Any CPU.ActiveCfg = Debug|Any CPU
		{FDD036A5-4612-4B50-94D0-22B31F30B2D4}.Debug|Any CPU.Build.0 = Debug|Any CPU
		{FDD036A5-4612-4B50-94D0-22B31F30B2D4}.Release|Any CPU.ActiveCfg = Release|Any CPU
		{FDD036A5-4612-4B50-94D0-22B31F30B2D4}.Release|Any CPU.Build.0 = Release|Any CPU
	EndGlobalSection
	GlobalSection(SolutionProperties) = preSolution
		HideSolutionNode = FALSE
	EndGlobalSection
	GlobalSection(ExtensibilityGlobals) = postSolution
		SolutionGuid = {CC1487E8-EE4A-4403-B109-4EAEE34A332F}
	EndGlobalSection
EndGlobal
